
Microsoft Visual Studio Solution File, Format Version 12.00
# Visual Studio 14
VisualStudioVersion = 14.0.25420.1
MinimumVisualStudioVersion = 10.0.40219.1
Project("{FAE04EC0-301F-11D3-BF4B-00C04F79EFBC}") = "WpfApplication1", "WpfApplication1.csproj", "{6A73FA72-740C-4C77-9D3B-3C41C5BD0D0F}"
EndProject
Project("{FAE04EC0-301F-11D3-BF4B-00C04F79EFBC}") = "TestAppExample", "..\TestAppExample\TestAppExample.csproj", "{EA38C70A-0668-4F6A-88D3-EEF2DC6BBAA1}"
EndProject
Global
	GlobalSection(SolutionConfigurationPlatforms) = preSolution
		Debug|Any CPU = Debug|Any CPU
		Debug|x86 = Debug|x86
		Release|Any CPU = Release|Any CPU
		Release|x86 = Release|x86
	EndGlobalSection
	GlobalSection(ProjectConfigurationPlatforms) = postSolution
		{6A73FA72-740C-4C77-9D3B-3C41C5BD0D0F}.Debug|Any CPU.ActiveCfg = Debug|x86
		{6A73FA72-740C-4C77-9D3B-3C41C5BD0D0F}.Debug|x86.ActiveCfg = Debug|x86
		{6A73FA72-740C-4C77-9D3B-3C41C5BD0D0F}.Debug|x86.Build.0 = Debug|x86
		{6A73FA72-740C-4C77-9D3B-3C41C5BD0D0F}.Release|Any CPU.ActiveCfg = Release|x86
		{6A73FA72-740C-4C77-9D3B-3C41C5BD0D0F}.Release|x86.ActiveCfg = Release|x86
		{6A73FA72-740C-4C77-9D3B-3C41C5BD0D0F}.Release|x86.Build.0 = Release|x86
		{EA38C70A-0668-4F6A-88D3-EEF2DC6BBAA1}.Debug|Any CPU.ActiveCfg = Debug|Any CPU
		{EA38C70A-0668-4F6A-88D3-EEF2DC6BBAA1}.Debug|Any CPU.Build.0 = Debug|Any CPU
		{EA38C70A-0668-4F6A-88D3-EEF2DC6BBAA1}.Debug|x86.ActiveCfg = Debug|Any CPU
		{EA38C70A-0668-4F6A-88D3-EEF2DC6BBAA1}.Debug|x86.Build.0 = Debug|Any CPU
		{EA38C70A-0668-4F6A-88D3-EEF2DC6BBAA1}.Release|Any CPU.ActiveCfg = Release|Any CPU
		{EA38C70A-0668-4F6A-88D3-EEF2DC6BBAA1}.Release|Any CPU.Build.0 = Release|Any CPU
		{EA38C70A-0668-4F6A-88D3-EEF2DC6BBAA1}.Release|x86.ActiveCfg = Release|Any CPU
		{EA38C70A-0668-4F6A-88D3-EEF2DC6BBAA1}.Release|x86.Build.0 = Release|Any CPU
	EndGlobalSection
	GlobalSection(SolutionProperties) = preSolution
		HideSolutionNode = FALSE
	EndGlobalSection
EndGlobal
